
Microsoft Visual Studio Solution File, Format Version 12.00
# Visual Studio Version 16
VisualStudioVersion = 16.0.31005.135
MinimumVisualStudioVersion = 10.0.40219.1
Project("{9A19103F-16F7-4668-BE54-9A1E7A4F7556}") = "SpecFlowProject1", "SpecFlowProject1.csproj", "{EFE48813-37A0-4E85-8892-C7E43BB25BF6}"
EndProject
Project("{FAE04EC0-301F-11D3-BF4B-00C04F79EFBC}") = "NextClassProject", "..\NextClassProject\NextClassProject.csproj", "{75DFEE37-1760-4D3B-889D-AD330A42A027}"
EndProject
Global
	GlobalSection(SolutionConfigurationPlatforms) = preSolution
		Debug|Any CPU = Debug|Any CPU
		Release|Any CPU = Release|Any CPU
	EndGlobalSection
	GlobalSection(ProjectConfigurationPlatforms) = postSolution
		{EFE48813-37A0-4E85-8892-C7E43BB25BF6}.Debug|Any CPU.ActiveCfg = Debug|Any CPU
		{EFE48813-37A0-4E85-8892-C7E43BB25BF6}.Debug|Any CPU.Build.0 = Debug|Any CPU
		{EFE48813-37A0-4E85-8892-C7E43BB25BF6}.Release|Any CPU.ActiveCfg = Release|Any CPU
		{EFE48813-37A0-4E85-8892-C7E43BB25BF6}.Release|Any CPU.Build.0 = Release|Any CPU
		{75DFEE37-1760-4D3B-889D-AD330A42A027}.Debug|Any CPU.ActiveCfg = Debug|Any CPU
		{75DFEE37-1760-4D3B-889D-AD330A42A027}.Debug|Any CPU.Build.0 = Debug|Any CPU
		{75DFEE37-1760-4D3B-889D-AD330A42A027}.Release|Any CPU.ActiveCfg = Release|Any CPU
		{75DFEE37-1760-4D3B-889D-AD330A42A027}.Release|Any CPU.Build.0 = Release|Any CPU
	EndGlobalSection
	GlobalSection(SolutionProperties) = preSolution
		HideSolutionNode = FALSE
	EndGlobalSection
	GlobalSection(ExtensibilityGlobals) = postSolution
		SolutionGuid = {F910FD46-FEC5-487E-984D-6F3309929A33}
	EndGlobalSection
EndGlobal
